Microsoft Visual Studio Solution File, Format Version 12.00
# Visual Studio Version 17
VisualStudioVersion = 17.5.2.0
MinimumVisualStudioVersion = 10.0.40219.1
Project("{FAE04EC0-301F-11D3-BF4B-00C04F79EFBC}") = "MeuProjetoMVC", "MeuProjetoMVC.csproj", "{C9ECEC86-B664-2EE2-4D57-DC496250CC83}"
EndProject
Global
	GlobalSection(SolutionConfigurationPlatforms) = preSolution
		Debug|Any CPU = Debug|Any CPU
		Release|Any CPU = Release|Any CPU
	EndGlobalSection
	GlobalSection(ProjectConfigurationPlatforms) = postSolution
		{C9ECEC86-B664-2EE2-4D57-DC496250CC83}.Debug|Any CPU.ActiveCfg = Debug|Any CPU
		{C9ECEC86-B664-2EE2-4D57-DC496250CC83}.Debug|Any CPU.Build.0 = Debug|Any CPU
		{C9ECEC86-B664-2EE2-4D57-DC496250CC83}.Release|Any CPU.ActiveCfg = Release|Any CPU
		{C9ECEC86-B664-2EE2-4D57-DC496250CC83}.Release|Any CPU.Build.0 = Release|Any CPU
	EndGlobalSection
	GlobalSection(SolutionProperties) = preSolution
		HideSolutionNode = FALSE
	EndGlobalSection
	GlobalSection(ExtensibilityGlobals) = postSolution
		SolutionGuid = {F87FDE98-07CE-418C-ADC2-BBC5CEF620CB}
	EndGlobalSection
EndGlobal
